
Microsoft Visual Studio Solution File, Format Version 12.00
# Visual Studio Version 16
VisualStudioVersion = 16.0.31515.178
MinimumVisualStudioVersion = 10.0.40219.1
Project("{FAE04EC0-301F-11D3-BF4B-00C04F79EFBC}") = "RandomMapGenerator", "RandomMapGenerator.csproj", "{A66F1BA5-B662-4F3A-8870-3EBE92A85C83}"
EndProject
Global
	GlobalSection(SolutionConfigurationPlatforms) = preSolution
		Debug|Any CPU = Debug|Any CPU
		Release|Any CPU = Release|Any CPU
	EndGlobalSection
	GlobalSection(ProjectConfigurationPlatforms) = postSolution
		{A66F1BA5-B662-4F3A-8870-3EBE92A85C83}.Debug|Any CPU.ActiveCfg = Debug|Any CPU
		{A66F1BA5-B662-4F3A-8870-3EBE92A85C83}.Debug|Any CPU.Build.0 = Debug|Any CPU
		{A66F1BA5-B662-4F3A-8870-3EBE92A85C83}.Release|Any CPU.ActiveCfg = Release|Any CPU
		{A66F1BA5-B662-4F3A-8870-3EBE92A85C83}.Release|Any CPU.Build.0 = Release|Any CPU
	EndGlobalSection
	GlobalSection(SolutionProperties) = preSolution
		HideSolutionNode = FALSE
	EndGlobalSection
	GlobalSection(ExtensibilityGlobals) = postSolution
		SolutionGuid = {B804EF6E-810B-425B-8C5C-525A1FC90994}
	EndGlobalSection
EndGlobal
